
Microsoft Visual Studio Solution File, Format Version 12.00
# Visual Studio Version 17
VisualStudioVersion = 17.3.32922.545
MinimumVisualStudioVersion = 10.0.40219.1
Project("{FAE04EC0-301F-11D3-BF4B-00C04F79EFBC}") = "FNB_Verint QM Service", "FNB_Verint QM Service\FNB_Verint QM Service.csproj", "{8DF07BB6-8473-4B78-A0DE-09EBEF0C3E18}"
EndProject
Global
	GlobalSection(SolutionConfigurationPlatforms) = preSolution
		Debug|Any CPU = Debug|Any CPU
		Release|Any CPU = Release|Any CPU
	EndGlobalSection
	GlobalSection(ProjectConfigurationPlatforms) = postSolution
		{8DF07BB6-8473-4B78-A0DE-09EBEF0C3E18}.Debug|Any CPU.ActiveCfg = Debug|Any CPU
		{8DF07BB6-8473-4B78-A0DE-09EBEF0C3E18}.Debug|Any CPU.Build.0 = Debug|Any CPU
		{8DF07BB6-8473-4B78-A0DE-09EBEF0C3E18}.Release|Any CPU.ActiveCfg = Release|Any CPU
		{8DF07BB6-8473-4B78-A0DE-09EBEF0C3E18}.Release|Any CPU.Build.0 = Release|Any CPU
	EndGlobalSection
	GlobalSection(SolutionProperties) = preSolution
		HideSolutionNode = FALSE
	EndGlobalSection
	GlobalSection(ExtensibilityGlobals) = postSolution
		SolutionGuid = {BF66B961-FEFE-4948-A989-8C5947804CFE}
	EndGlobalSection
EndGlobal
